
Microsoft Visual Studio Solution File, Format Version 12.00
# Visual Studio Version 16
VisualStudioVersion = 16.0.28922.388
MinimumVisualStudioVersion = 10.0.40219.1
Project("{FAE04EC0-301F-11D3-BF4B-00C04F79EFBC}") = "ConsoleProject", "ConsoleProject.csproj", "{A4DE7BB8-D34D-4C06-ABCF-4F52EF4166A9}"
EndProject
Project("{FAE04EC0-301F-11D3-BF4B-00C04F79EFBC}") = "UnitTestProjectGit", "..\UnitTestProjectGit\UnitTestProjectGit.csproj", "{7A698CFF-24A1-4EC1-BA74-48FA2C1B3FF5}"
EndProject
Global
	GlobalSection(SolutionConfigurationPlatforms) = preSolution
		Debug|Any CPU = Debug|Any CPU
		Release|Any CPU = Release|Any CPU
	EndGlobalSection
	GlobalSection(ProjectConfigurationPlatforms) = postSolution
		{A4DE7BB8-D34D-4C06-ABCF-4F52EF4166A9}.Debug|Any CPU.ActiveCfg = Debug|Any CPU
		{A4DE7BB8-D34D-4C06-ABCF-4F52EF4166A9}.Debug|Any CPU.Build.0 = Debug|Any CPU
		{A4DE7BB8-D34D-4C06-ABCF-4F52EF4166A9}.Release|Any CPU.ActiveCfg = Release|Any CPU
		{A4DE7BB8-D34D-4C06-ABCF-4F52EF4166A9}.Release|Any CPU.Build.0 = Release|Any CPU
		{7A698CFF-24A1-4EC1-BA74-48FA2C1B3FF5}.Debug|Any CPU.ActiveCfg = Debug|Any CPU
		{7A698CFF-24A1-4EC1-BA74-48FA2C1B3FF5}.Debug|Any CPU.Build.0 = Debug|Any CPU
		{7A698CFF-24A1-4EC1-BA74-48FA2C1B3FF5}.Release|Any CPU.ActiveCfg = Release|Any CPU
		{7A698CFF-24A1-4EC1-BA74-48FA2C1B3FF5}.Release|Any CPU.Build.0 = Release|Any CPU
	EndGlobalSection
	GlobalSection(SolutionProperties) = preSolution
		HideSolutionNode = FALSE
	EndGlobalSection
	GlobalSection(ExtensibilityGlobals) = postSolution
		SolutionGuid = {BE27C2BE-F9D2-4E71-855D-14BDFE46E074}
	EndGlobalSection
EndGlobal
